
Microsoft Visual Studio Solution File, Format Version 12.00
# Visual Studio 14
VisualStudioVersion = 14.0.24720.0
MinimumVisualStudioVersion = 10.0.40219.1
Project("{FAE04EC0-301F-11D3-BF4B-00C04F79EFBC}") = "TravelExpertsForm", "TravelExpertsApp\TravelExpertsForm.csproj", "{61B55E25-9C9E-4E84-97B9-23B7265970C5}"
EndProject
Project("{FAE04EC0-301F-11D3-BF4B-00C04F79EFBC}") = "TravelExpertsDB", "TravelExpertsDB\TravelExpertsDB.csproj", "{E3DB1AA6-DBB6-487D-8561-79F37C1A2A14}"
EndProject
Project("{FAE04EC0-301F-11D3-BF4B-00C04F79EFBC}") = "EntityLayer", "EntityLayer\EntityLayer.csproj", "{65AF09A9-F7F0-41C6-8CA7-1BE86E8891F7}"
EndProject
Project("{FAE04EC0-301F-11D3-BF4B-00C04F79EFBC}") = "Validation", "Validation\Validation.csproj", "{05206EFE-C72E-491D-968F-60A0DCBE443A}"
EndProject
Project("{FAE04EC0-301F-11D3-BF4B-00C04F79EFBC}") = "MaterialSkin", "MaterialSkin\MaterialSkin.csproj", "{8EB7611B-68CD-4B8B-987A-11717E2B250C}"
EndProject
Global
	GlobalSection(SolutionConfigurationPlatforms) = preSolution
		Debug|Any CPU = Debug|Any CPU
		Release|Any CPU = Release|Any CPU
	EndGlobalSection
	GlobalSection(ProjectConfigurationPlatforms) = postSolution
		{61B55E25-9C9E-4E84-97B9-23B7265970C5}.Debug|Any CPU.ActiveCfg = Debug|Any CPU
		{61B55E25-9C9E-4E84-97B9-23B7265970C5}.Debug|Any CPU.Build.0 = Debug|Any CPU
		{61B55E25-9C9E-4E84-97B9-23B7265970C5}.Release|Any CPU.ActiveCfg = Release|Any CPU
		{61B55E25-9C9E-4E84-97B9-23B7265970C5}.Release|Any CPU.Build.0 = Release|Any CPU
		{E3DB1AA6-DBB6-487D-8561-79F37C1A2A14}.Debug|Any CPU.ActiveCfg = Debug|Any CPU
		{E3DB1AA6-DBB6-487D-8561-79F37C1A2A14}.Debug|Any CPU.Build.0 = Debug|Any CPU
		{E3DB1AA6-DBB6-487D-8561-79F37C1A2A14}.Release|Any CPU.ActiveCfg = Release|Any CPU
		{E3DB1AA6-DBB6-487D-8561-79F37C1A2A14}.Release|Any CPU.Build.0 = Release|Any CPU
		{65AF09A9-F7F0-41C6-8CA7-1BE86E8891F7}.Debug|Any CPU.ActiveCfg = Debug|Any CPU
		{65AF09A9-F7F0-41C6-8CA7-1BE86E8891F7}.Debug|Any CPU.Build.0 = Debug|Any CPU
		{65AF09A9-F7F0-41C6-8CA7-1BE86E8891F7}.Release|Any CPU.ActiveCfg = Release|Any CPU
		{65AF09A9-F7F0-41C6-8CA7-1BE86E8891F7}.Release|Any CPU.Build.0 = Release|Any CPU
		{05206EFE-C72E-491D-968F-60A0DCBE443A}.Debug|Any CPU.ActiveCfg = Debug|Any CPU
		{05206EFE-C72E-491D-968F-60A0DCBE443A}.Debug|Any CPU.Build.0 = Debug|Any CPU
		{05206EFE-C72E-491D-968F-60A0DCBE443A}.Release|Any CPU.ActiveCfg = Release|Any CPU
		{05206EFE-C72E-491D-968F-60A0DCBE443A}.Release|Any CPU.Build.0 = Release|Any CPU
		{8EB7611B-68CD-4B8B-987A-11717E2B250C}.Debug|Any CPU.ActiveCfg = Debug|Any CPU
		{8EB7611B-68CD-4B8B-987A-11717E2B250C}.Debug|Any CPU.Build.0 = Debug|Any CPU
		{8EB7611B-68CD-4B8B-987A-11717E2B250C}.Release|Any CPU.ActiveCfg = Release|Any CPU
		{8EB7611B-68CD-4B8B-987A-11717E2B250C}.Release|Any CPU.Build.0 = Release|Any CPU
	EndGlobalSection
	GlobalSection(SolutionProperties) = preSolution
		HideSolutionNode = FALSE
	EndGlobalSection
EndGlobal
